
Microsoft Visual Studio Solution File, Format Version 12.00
# Visual Studio Version 16
VisualStudioVersion = 16.0.32630.194
MinimumVisualStudioVersion = 10.0.40219.1
Project("{9A19103F-16F7-4668-BE54-9A1E7A4F7556}") = "LINQSamples.Common", "LINQSamples.Common.csproj", "{C36DACF5-678C-4BED-A24D-31FA3E62E9AB}"
EndProject
Global
	GlobalSection(SolutionConfigurationPlatforms) = preSolution
		Debug|Any CPU = Debug|Any CPU
		Release|Any CPU = Release|Any CPU
	EndGlobalSection
	GlobalSection(ProjectConfigurationPlatforms) = postSolution
		{C36DACF5-678C-4BED-A24D-31FA3E62E9AB}.Debug|Any CPU.ActiveCfg = Debug|Any CPU
		{C36DACF5-678C-4BED-A24D-31FA3E62E9AB}.Debug|Any CPU.Build.0 = Debug|Any CPU
		{C36DACF5-678C-4BED-A24D-31FA3E62E9AB}.Release|Any CPU.ActiveCfg = Release|Any CPU
		{C36DACF5-678C-4BED-A24D-31FA3E62E9AB}.Release|Any CPU.Build.0 = Release|Any CPU
	EndGlobalSection
	GlobalSection(SolutionProperties) = preSolution
		HideSolutionNode = FALSE
	EndGlobalSection
	GlobalSection(ExtensibilityGlobals) = postSolution
		SolutionGuid = {246B5226-7C48-4012-8BE0-31A0433D0DA2}
	EndGlobalSection
EndGlobal
